
Microsoft Visual Studio Solution File, Format Version 12.00
# Visual Studio Version 17
VisualStudioVersion = 17.5.33414.496
MinimumVisualStudioVersion = 10.0.40219.1
Project("{FAE04EC0-301F-11D3-BF4B-00C04F79EFBC}") = "FindingBigNumber", "FindingBigNumber\FindingBigNumber.csproj", "{0FCD3E16-BCA1-4073-8D6E-D6BBA16D51C6}"
EndProject
Project("{FAE04EC0-301F-11D3-BF4B-00C04F79EFBC}") = "EuclidAlgorithmGCD", "EuclidAlgorithmGCD\EuclidAlgorithmGCD.csproj", "{58E1F913-652C-4322-BF91-4A513FFECEE6}"
EndProject
Project("{FAE04EC0-301F-11D3-BF4B-00C04F79EFBC}") = "GenericList", "GenericList\GenericList.csproj", "{207971FA-4DF2-464E-92A8-AEC9B5730A78}"
EndProject
Project("{FAE04EC0-301F-11D3-BF4B-00C04F79EFBC}") = "BinarySearch", "BinarySearch\BinarySearch.csproj", "{B0D50C94-D0DD-4EE8-A9A6-BF38ADE7381C}"
EndProject
Project("{9A19103F-16F7-4668-BE54-9A1E7A4F7556}") = "selectionSort", "selectionSort\selectionSort.csproj", "{B86FC184-61ED-4726-9FE8-F9F452786274}"
EndProject
Project("{9A19103F-16F7-4668-BE54-9A1E7A4F7556}") = "InsertionSort", "InsertionSort\InsertionSort.csproj", "{D14A9F88-D2FF-4F50-8293-DE8F5274B8DC}"
EndProject
Project("{FAE04EC0-301F-11D3-BF4B-00C04F79EFBC}") = "BubbleSort", "BubbleSort\BubbleSort.csproj", "{4F3859DB-C9ED-4FB2-85C4-EDB6D6167123}"
EndProject
Global
	GlobalSection(SolutionConfigurationPlatforms) = preSolution
		Debug|Any CPU = Debug|Any CPU
		Release|Any CPU = Release|Any CPU
	EndGlobalSection
	GlobalSection(ProjectConfigurationPlatforms) = postSolution
		{0FCD3E16-BCA1-4073-8D6E-D6BBA16D51C6}.Debug|Any CPU.ActiveCfg = Debug|Any CPU
		{0FCD3E16-BCA1-4073-8D6E-D6BBA16D51C6}.Debug|Any CPU.Build.0 = Debug|Any CPU
		{0FCD3E16-BCA1-4073-8D6E-D6BBA16D51C6}.Release|Any CPU.ActiveCfg = Release|Any CPU
		{0FCD3E16-BCA1-4073-8D6E-D6BBA16D51C6}.Release|Any CPU.Build.0 = Release|Any CPU
		{58E1F913-652C-4322-BF91-4A513FFECEE6}.Debug|Any CPU.ActiveCfg = Debug|Any CPU
		{58E1F913-652C-4322-BF91-4A513FFECEE6}.Debug|Any CPU.Build.0 = Debug|Any CPU
		{58E1F913-652C-4322-BF91-4A513FFECEE6}.Release|Any CPU.ActiveCfg = Release|Any CPU
		{58E1F913-652C-4322-BF91-4A513FFECEE6}.Release|Any CPU.Build.0 = Release|Any CPU
		{207971FA-4DF2-464E-92A8-AEC9B5730A78}.Debug|Any CPU.ActiveCfg = Debug|Any CPU
		{207971FA-4DF2-464E-92A8-AEC9B5730A78}.Debug|Any CPU.Build.0 = Debug|Any CPU
		{207971FA-4DF2-464E-92A8-AEC9B5730A78}.Release|Any CPU.ActiveCfg = Release|Any CPU
		{207971FA-4DF2-464E-92A8-AEC9B5730A78}.Release|Any CPU.Build.0 = Release|Any CPU
		{B0D50C94-D0DD-4EE8-A9A6-BF38ADE7381C}.Debug|Any CPU.ActiveCfg = Debug|Any CPU
		{B0D50C94-D0DD-4EE8-A9A6-BF38ADE7381C}.Debug|Any CPU.Build.0 = Debug|Any CPU
		{B0D50C94-D0DD-4EE8-A9A6-BF38ADE7381C}.Release|Any CPU.ActiveCfg = Release|Any CPU
		{B0D50C94-D0DD-4EE8-A9A6-BF38ADE7381C}.Release|Any CPU.Build.0 = Release|Any CPU
		{B86FC184-61ED-4726-9FE8-F9F452786274}.Debug|Any CPU.ActiveCfg = Debug|Any CPU
		{B86FC184-61ED-4726-9FE8-F9F452786274}.Debug|Any CPU.Build.0 = Debug|Any CPU
		{B86FC184-61ED-4726-9FE8-F9F452786274}.Release|Any CPU.ActiveCfg = Release|Any CPU
		{B86FC184-61ED-4726-9FE8-F9F452786274}.Release|Any CPU.Build.0 = Release|Any CPU
		{D14A9F88-D2FF-4F50-8293-DE8F5274B8DC}.Debug|Any CPU.ActiveCfg = Debug|Any CPU
		{D14A9F88-D2FF-4F50-8293-DE8F5274B8DC}.Debug|Any CPU.Build.0 = Debug|Any CPU
		{D14A9F88-D2FF-4F50-8293-DE8F5274B8DC}.Release|Any CPU.ActiveCfg = Release|Any CPU
		{D14A9F88-D2FF-4F50-8293-DE8F5274B8DC}.Release|Any CPU.Build.0 = Release|Any CPU
		{4F3859DB-C9ED-4FB2-85C4-EDB6D6167123}.Debug|Any CPU.ActiveCfg = Debug|Any CPU
		{4F3859DB-C9ED-4FB2-85C4-EDB6D6167123}.Debug|Any CPU.Build.0 = Debug|Any CPU
		{4F3859DB-C9ED-4FB2-85C4-EDB6D6167123}.Release|Any CPU.ActiveCfg = Release|Any CPU
		{4F3859DB-C9ED-4FB2-85C4-EDB6D6167123}.Release|Any CPU.Build.0 = Release|Any CPU
	EndGlobalSection
	GlobalSection(SolutionProperties) = preSolution
		HideSolutionNode = FALSE
	EndGlobalSection
	GlobalSection(ExtensibilityGlobals) = postSolution
		SolutionGuid = {BA20272F-2523-4710-BC37-75896EA2915D}
	EndGlobalSection
EndGlobal
